
Microsoft Visual Studio Solution File, Format Version 12.00
# Visual Studio Version 17
VisualStudioVersion = 17.7.34024.191
MinimumVisualStudioVersion = 10.0.40219.1
Project("{FAE04EC0-301F-11D3-BF4B-00C04F79EFBC}") = "BitmapRenderrer", "BitmapRenderrer.csproj", "{66503C14-C2CD-4009-9C08-077F047121B6}"
EndProject
Global
	GlobalSection(SolutionConfigurationPlatforms) = preSolution
		Debug|Any CPU = Debug|Any CPU
		Release|Any CPU = Release|Any CPU
	EndGlobalSection
	GlobalSection(ProjectConfigurationPlatforms) = postSolution
		{66503C14-C2CD-4009-9C08-077F047121B6}.Debug|Any CPU.ActiveCfg = Debug|Any CPU
		{66503C14-C2CD-4009-9C08-077F047121B6}.Debug|Any CPU.Build.0 = Debug|Any CPU
		{66503C14-C2CD-4009-9C08-077F047121B6}.Release|Any CPU.ActiveCfg = Release|Any CPU
		{66503C14-C2CD-4009-9C08-077F047121B6}.Release|Any CPU.Build.0 = Release|Any CPU
	EndGlobalSection
	GlobalSection(SolutionProperties) = preSolution
		HideSolutionNode = FALSE
	EndGlobalSection
	GlobalSection(ExtensibilityGlobals) = postSolution
		SolutionGuid = {4B51E116-0245-40F6-B02E-A6222FC90E03}
	EndGlobalSection
EndGlobal
